
Microsoft Visual Studio Solution File, Format Version 12.00
# Visual Studio Version 17
VisualStudioVersion = 17.2.32616.157
MinimumVisualStudioVersion = 10.0.40219.1
Project("{F2A71F9B-5D33-465A-A702-920D77279786}") = "SimpleTwoPlayerGame", "SimpleTwoPlayerGame\SimpleTwoPlayerGame.fsproj", "{DD179D8B-6241-4DBC-AD0A-7CAD9929EDD0}"
EndProject
Global
	GlobalSection(SolutionConfigurationPlatforms) = preSolution
		Debug|Any CPU = Debug|Any CPU
		Release|Any CPU = Release|Any CPU
	EndGlobalSection
	GlobalSection(ProjectConfigurationPlatforms) = postSolution
		{DD179D8B-6241-4DBC-AD0A-7CAD9929EDD0}.Debug|Any CPU.ActiveCfg = Debug|Any CPU
		{DD179D8B-6241-4DBC-AD0A-7CAD9929EDD0}.Debug|Any CPU.Build.0 = Debug|Any CPU
		{DD179D8B-6241-4DBC-AD0A-7CAD9929EDD0}.Release|Any CPU.ActiveCfg = Release|Any CPU
		{DD179D8B-6241-4DBC-AD0A-7CAD9929EDD0}.Release|Any CPU.Build.0 = Release|Any CPU
	EndGlobalSection
	GlobalSection(SolutionProperties) = preSolution
		HideSolutionNode = FALSE
	EndGlobalSection
	GlobalSection(ExtensibilityGlobals) = postSolution
		SolutionGuid = {33F975DE-055C-4CC3-B4DA-EE4194D36989}
	EndGlobalSection
EndGlobal
